
Microsoft Visual Studio Solution File, Format Version 12.00
# Visual Studio Version 17
VisualStudioVersion = 17.0.32014.148
MinimumVisualStudioVersion = 10.0.40219.1
Project("{FAE04EC0-301F-11D3-BF4B-00C04F79EFBC}") = "IoTMockSender", "IoTMockSender\IoTMockSender.csproj", "{5E4DAF19-658E-49FA-983C-85F7E6DA9A5C}"
EndProject
Global
	GlobalSection(SolutionConfigurationPlatforms) = preSolution
		Debug|Any CPU = Debug|Any CPU
		Release|Any CPU = Release|Any CPU
	EndGlobalSection
	GlobalSection(ProjectConfigurationPlatforms) = postSolution
		{5E4DAF19-658E-49FA-983C-85F7E6DA9A5C}.Debug|Any CPU.ActiveCfg = Debug|Any CPU
		{5E4DAF19-658E-49FA-983C-85F7E6DA9A5C}.Debug|Any CPU.Build.0 = Debug|Any CPU
		{5E4DAF19-658E-49FA-983C-85F7E6DA9A5C}.Release|Any CPU.ActiveCfg = Release|Any CPU
		{5E4DAF19-658E-49FA-983C-85F7E6DA9A5C}.Release|Any CPU.Build.0 = Release|Any CPU
	EndGlobalSection
	GlobalSection(SolutionProperties) = preSolution
		HideSolutionNode = FALSE
	EndGlobalSection
	GlobalSection(ExtensibilityGlobals) = postSolution
		SolutionGuid = {518A3DA3-C637-47D6-8CD7-6C2F0E9042F4}
	EndGlobalSection
EndGlobal
